Microsoft Visual Studio Solution File, Format Version 12.00
# Visual Studio 14
VisualStudioVersion = 14.0.25420.1
MinimumVisualStudioVersion = 10.0.40219.1
Project("{FAE04EC0-301F-11D3-BF4B-00C04F79EFBC}") = "DBViewer", "DBViewer.csproj", "{42435D30-0339-453C-AF45-E6C51F0FC563}"
EndProject
Global
	GlobalSection(SolutionConfigurationPlatforms) = preSolution
		Debug|Any CPU = Debug|Any CPU
		Release|Any CPU = Release|Any CPU
	EndGlobalSection
	GlobalSection(ProjectConfigurationPlatforms) = postSolution
		{42435D30-0339-453C-AF45-E6C51F0FC563}.Debug|Any CPU.ActiveCfg = Debug|Any CPU
		{42435D30-0339-453C-AF45-E6C51F0FC563}.Debug|Any CPU.Build.0 = Debug|Any CPU
		{42435D30-0339-453C-AF45-E6C51F0FC563}.Release|Any CPU.ActiveCfg = Release|Any CPU
		{42435D30-0339-453C-AF45-E6C51F0FC563}.Release|Any CPU.Build.0 = Release|Any CPU
	EndGlobalSection
	GlobalSection(SolutionProperties) = preSolution
		HideSolutionNode = FALSE
	EndGlobalSection
	GlobalSection(DPCodeReviewSolutionGUID) = preSolution
		DPCodeReviewSolutionGUID = {A9A658E5-6407-4829-82AC-6ECC55E1B124}
	EndGlobalSection
EndGlobal
